// !$*UTF8*$!
{
	archiveVersion = 1;
	classes = {
	};
	objectVersion = 46;
	objects = {

/* Begin PBXBuildFile section */
		53029A2C14D59A1B001BF4A4 /* InfoPlist.strings in Resources */ = {isa = PBXBuildFile; fileRef = 53029A2A14D59A1B001BF4A4 /* InfoPlist.strings */; };
		53029A4A14D59A9D001BF4A4 /* placeholder.png in Resources */ = {isa = PBXBuildFile; fileRef = 53029A4214D59A9D001BF4A4 /* placeholder.png */; };
		53029A4B14D59A9D001BF4A4 /* SiriMotion.m in Sources */ = {isa = PBXBuildFile; fileRef = 53029A4414D59A9D001BF4A4 /* SiriMotion.m */; };
		53029A4C14D59A9D001BF4A4 /* SiriMotionCommands.m in Sources */ = {isa = PBXBuildFile; fileRef = 53029A4614D59A9D001BF4A4 /* SiriMotionCommands.m */; };
		53029A4D14D59A9D001BF4A4 /* SiriMotionSnippet.m in Sources */ = {isa = PBXBuildFile; fileRef = 53029A4814D59A9D001BF4A4 /* SiriMotionSnippet.m */; };
		53029A5114D59ADE001BF4A4 /* libDailymotion.a in Frameworks */ = {isa = PBXBuildFile; fileRef = 53029A4F14D59ADE001BF4A4 /* libDailymotion.a */; };
		53029A5214D59ADE001BF4A4 /* libSDWebImage.a in Frameworks */ = {isa = PBXBuildFile; fileRef = 53029A5014D59ADE001BF4A4 /* libSDWebImage.a */; };
		53029A5414D59B90001BF4A4 /* CoreGraphics.framework in Frameworks */ = {isa = PBXBuildFile; fileRef = 53029A5314D59B90001BF4A4 /* CoreGraphics.framework */; };
		53029A5514D59C50001BF4A4 /* CoreFoundation.framework in Frameworks */ = {isa = PBXBuildFile; fileRef = 53029A2514D59A1B001BF4A4 /* CoreFoundation.framework */; };
		53029A5714D59C50001BF4A4 /* Foundation.framework in Frameworks */ = {isa = PBXBuildFile; fileRef = 53029A5614D59C50001BF4A4 /* Foundation.framework */; };
		53029A5914D59C7A001BF4A4 /* UIKit.framework in Frameworks */ = {isa = PBXBuildFile; fileRef = 53029A5814D59C7A001BF4A4 /* UIKit.framework */; };
/* End PBXBuildFile section */

/* Begin PBXFileReference section */
		53029A2214D59A1B001BF4A4 /* SiriMotion.assistantExtension */ = {isa = PBXFileReference; explicitFileType = wrapper.cfbundle; includeInIndex = 0; path = SiriMotion.assistantExtension; sourceTree = BUILT_PRODUCTS_DIR; };
		53029A2514D59A1B001BF4A4 /* CoreFoundation.framework */ = {isa = PBXFileReference; lastKnownFileType = wrapper.framework; name = CoreFoundation.framework; path = System/Library/Frameworks/CoreFoundation.framework; sourceTree = SDKROOT; };
		53029A2914D59A1B001BF4A4 /* SiriMotion-Info.plist */ = {isa = PBXFileReference; lastKnownFileType = text.plist.xml; path = "SiriMotion-Info.plist"; sourceTree = "<group>"; };
		53029A2B14D59A1B001BF4A4 /* en */ = {isa = PBXFileReference; lastKnownFileType = text.plist.strings; name = en; path = en.lproj/InfoPlist.strings; sourceTree = "<group>"; };
		53029A2D14D59A1B001BF4A4 /* SiriMotion-Prefix.pch */ = {isa = PBXFileReference; lastKnownFileType = sourcecode.c.h; path = "SiriMotion-Prefix.pch"; sourceTree = "<group>"; };
		53029A4214D59A9D001BF4A4 /* placeholder.png */ = {isa = PBXFileReference; lastKnownFileType = image.png; path = placeholder.png; sourceTree = "<group>"; };
		53029A4314D59A9D001BF4A4 /* SiriMotion.h */ = {isa = PBXFileReference; fileEncoding = 4; lastKnownFileType = sourcecode.c.h; path = SiriMotion.h; sourceTree = "<group>"; };
		53029A4414D59A9D001BF4A4 /* SiriMotion.m */ = {isa = PBXFileReference; fileEncoding = 4; lastKnownFileType = sourcecode.c.objc; path = SiriMotion.m; sourceTree = "<group>"; };
		53029A4514D59A9D001BF4A4 /* SiriMotionCommands.h */ = {isa = PBXFileReference; fileEncoding = 4; lastKnownFileType = sourcecode.c.h; path = SiriMotionCommands.h; sourceTree = "<group>"; };
		53029A4614D59A9D001BF4A4 /* SiriMotionCommands.m */ = {isa = PBXFileReference; fileEncoding = 4; lastKnownFileType = sourcecode.c.objc; path = SiriMotionCommands.m; sourceTree = "<group>"; };
		53029A4714D59A9D001BF4A4 /* SiriMotionSnippet.h */ = {isa = PBXFileReference; fileEncoding = 4; lastKnownFileType = sourcecode.c.h; path = SiriMotionSnippet.h; sourceTree = "<group>"; };
		53029A4814D59A9D001BF4A4 /* SiriMotionSnippet.m */ = {isa = PBXFileReference; fileEncoding = 4; lastKnownFileType = sourcecode.c.objc; path = SiriMotionSnippet.m; sourceTree = "<group>"; };
		53029A4914D59A9D001BF4A4 /* SiriObjects.h */ = {isa = PBXFileReference; fileEncoding = 4; lastKnownFileType = sourcecode.c.h; path = SiriObjects.h; sourceTree = "<group>"; };
		53029A4F14D59ADE001BF4A4 /* libDailymotion.a */ = {isa = PBXFileReference; lastKnownFileType = archive.ar; name = libDailymotion.a; path = "../../Library/Developer/Xcode/DerivedData/SiriMotion-gntckbqraildxjahcxgywdqnfofu/Build/Products/Debug-iphoneos/libDailymotion.a"; sourceTree = "<group>"; };
		53029A5014D59ADE001BF4A4 /* libSDWebImage.a */ = {isa = PBXFileReference; lastKnownFileType = archive.ar; name = libSDWebImage.a; path = "../../Library/Developer/Xcode/DerivedData/SiriMotion-gntckbqraildxjahcxgywdqnfofu/Build/Products/Debug-iphoneos/libSDWebImage.a"; sourceTree = "<group>"; };
		53029A5314D59B90001BF4A4 /* CoreGraphics.framework */ = {isa = PBXFileReference; lastKnownFileType = wrapper.framework; name = CoreGraphics.framework; path = System/Library/Frameworks/CoreGraphics.framework; sourceTree = SDKROOT; };
		53029A5614D59C50001BF4A4 /* Foundation.framework */ = {isa = PBXFileReference; lastKnownFileType = wrapper.framework; name = Foundation.framework; path = System/Library/Frameworks/Foundation.framework; sourceTree = SDKROOT; };
		53029A5814D59C7A001BF4A4 /* UIKit.framework */ = {isa = PBXFileReference; lastKnownFileType = wrapper.framework; name = UIKit.framework; path = System/Library/Frameworks/UIKit.framework; sourceTree = SDKROOT; };
/* End PBXFileReference section */

/* Begin PBXFrameworksBuildPhase section */
		53029A1F14D59A1B001BF4A4 /* Frameworks */ = {
			isa = PBXFrameworksBuildPhase;
			buildActionMask = 2147483647;
			files = (
				53029A5914D59C7A001BF4A4 /* UIKit.framework in Frameworks */,
				53029A5714D59C50001BF4A4 /* Foundation.framework in Frameworks */,
				53029A5514D59C50001BF4A4 /* CoreFoundation.framework in Frameworks */,
				53029A5414D59B90001BF4A4 /* CoreGraphics.framework in Frameworks */,
				53029A5114D59ADE001BF4A4 /* libDailymotion.a in Frameworks */,
				53029A5214D59ADE001BF4A4 /* libSDWebImage.a in Frameworks */,
			);
			runOnlyForDeploymentPostprocessing = 0;
		};
/* End PBXFrameworksBuildPhase section */

/* Begin PBXGroup section */
		53029A1714D59A1B001BF4A4 = {
			isa = PBXGroup;
			children = (
				53029A2714D59A1B001BF4A4 /* SiriMotion */,
				53029A2414D59A1B001BF4A4 /* Frameworks */,
				53029A2314D59A1B001BF4A4 /* Products */,
			);
			sourceTree = "<group>";
		};
		53029A2314D59A1B001BF4A4 /* Products */ = {
			isa = PBXGroup;
			children = (
				53029A2214D59A1B001BF4A4 /* SiriMotion.assistantExtension */,
			);
			name = Products;
			sourceTree = "<group>";
		};
		53029A2414D59A1B001BF4A4 /* Frameworks */ = {
			isa = PBXGroup;
			children = (
				53029A4F14D59ADE001BF4A4 /* libDailymotion.a */,
				53029A5014D59ADE001BF4A4 /* libSDWebImage.a */,
				53029A5814D59C7A001BF4A4 /* UIKit.framework */,
				53029A5614D59C50001BF4A4 /* Foundation.framework */,
				53029A5314D59B90001BF4A4 /* CoreGraphics.framework */,
				53029A2514D59A1B001BF4A4 /* CoreFoundation.framework */,
			);
			name = Frameworks;
			sourceTree = "<group>";
		};
		53029A2714D59A1B001BF4A4 /* SiriMotion */ = {
			isa = PBXGroup;
			children = (
				53029A4214D59A9D001BF4A4 /* placeholder.png */,
				53029A4314D59A9D001BF4A4 /* SiriMotion.h */,
				53029A4414D59A9D001BF4A4 /* SiriMotion.m */,
				53029A4514D59A9D001BF4A4 /* SiriMotionCommands.h */,
				53029A4614D59A9D001BF4A4 /* SiriMotionCommands.m */,
				53029A4714D59A9D001BF4A4 /* SiriMotionSnippet.h */,
				53029A4814D59A9D001BF4A4 /* SiriMotionSnippet.m */,
				53029A4914D59A9D001BF4A4 /* SiriObjects.h */,
				53029A2814D59A1B001BF4A4 /* Supporting Files */,
			);
			path = SiriMotion;
			sourceTree = "<group>";
		};
		53029A2814D59A1B001BF4A4 /* Supporting Files */ = {
			isa = PBXGroup;
			children = (
				53029A2914D59A1B001BF4A4 /* SiriMotion-Info.plist */,
				53029A2A14D59A1B001BF4A4 /* InfoPlist.strings */,
				53029A2D14D59A1B001BF4A4 /* SiriMotion-Prefix.pch */,
			);
			name = "Supporting Files";
			sourceTree = "<group>";
		};
/* End PBXGroup section */

/* Begin PBXNativeTarget section */
		53029A2114D59A1B001BF4A4 /* SiriMotion */ = {
			isa = PBXNativeTarget;
			buildConfigurationList = 53029A3014D59A1B001BF4A4 /* Build configuration list for PBXNativeTarget "SiriMotion" */;
			buildPhases = (
				53029A1E14D59A1B001BF4A4 /* Sources */,
				53029A1F14D59A1B001BF4A4 /* Frameworks */,
				53029A2014D59A1B001BF4A4 /* Resources */,
			);
			buildRules = (
			);
			dependencies = (
			);
			name = SiriMotion;
			productName = SiriMotion;
			productReference = 53029A2214D59A1B001BF4A4 /* SiriMotion.assistantExtension */;
			productType = "com.apple.product-type.bundle";
		};
/* End PBXNativeTarget section */

/* Begin PBXProject section */
		53029A1914D59A1B001BF4A4 /* Project object */ = {
			isa = PBXProject;
			attributes = {
				LastUpgradeCheck = 0420;
				ORGANIZATIONNAME = Dailymotion;
			};
			buildConfigurationList = 53029A1C14D59A1B001BF4A4 /* Build configuration list for PBXProject "SiriMotion" */;
			compatibilityVersion = "Xcode 3.2";
			developmentRegion = English;
			hasScannedForEncodings = 0;
			knownRegions = (
				en,
			);
			mainGroup = 53029A1714D59A1B001BF4A4;
			productRefGroup = 53029A2314D59A1B001BF4A4 /* Products */;
			projectDirPath = "";
			projectRoot = "";
			targets = (
				53029A2114D59A1B001BF4A4 /* SiriMotion */,
			);
		};
/* End PBXProject section */

/* Begin PBXResourcesBuildPhase section */
		53029A2014D59A1B001BF4A4 /* Resources */ = {
			isa = PBXResourcesBuildPhase;
			buildActionMask = 2147483647;
			files = (
				53029A2C14D59A1B001BF4A4 /* InfoPlist.strings in Resources */,
				53029A4A14D59A9D001BF4A4 /* placeholder.png in Resources */,
			);
			runOnlyForDeploymentPostprocessing = 0;
		};
/* End PBXResourcesBuildPhase section */

/* Begin PBXSourcesBuildPhase section */
		53029A1E14D59A1B001BF4A4 /* Sources */ = {
			isa = PBXSourcesBuildPhase;
			buildActionMask = 2147483647;
			files = (
				53029A4B14D59A9D001BF4A4 /* SiriMotion.m in Sources */,
				53029A4C14D59A9D001BF4A4 /* SiriMotionCommands.m in Sources */,
				53029A4D14D59A9D001BF4A4 /* SiriMotionSnippet.m in Sources */,
			);
			runOnlyForDeploymentPostprocessing = 0;
		};
/* End PBXSourcesBuildPhase section */

/* Begin PBXVariantGroup section */
		53029A2A14D59A1B001BF4A4 /* InfoPlist.strings */ = {
			isa = PBXVariantGroup;
			children = (
				53029A2B14D59A1B001BF4A4 /* en */,
			);
			name = InfoPlist.strings;
			sourceTree = "<group>";
		};
/* End PBXVariantGroup section */

/* Begin XCBuildConfiguration section */
		53029A2E14D59A1B001BF4A4 /* Debug */ = {
			isa = XCBuildConfiguration;
			buildSettings = {
				ALWAYS_SEARCH_USER_PATHS = NO;
				ARCHS = "$(ARCHS_STANDARD_32_BIT)";
				CLANG_ENABLE_OBJC_ARC = YES;
				COPY_PHASE_STRIP = NO;
				GCC_C_LANGUAGE_STANDARD = gnu99;
				GCC_DYNAMIC_NO_PIC = NO;
				GCC_ENABLE_OBJC_EXCEPTIONS = YES;
				GCC_OPTIMIZATION_LEVEL = 0;
				GCC_PREPROCESSOR_DEFINITIONS = (
					"DEBUG=1",
					"$(inherited)",
				);
				GCC_SYMBOLS_PRIVATE_EXTERN = NO;
				GCC_VERSION = com.apple.compilers.llvm.clang.1_0;
				GCC_WARN_64_TO_32_BIT_CONVERSION = YES;
				GCC_WARN_ABOUT_MISSING_PROTOTYPES = YES;
				GCC_WARN_ABOUT_RETURN_TYPE = YES;
				GCC_WARN_UNUSED_VARIABLE = YES;
				IPHONEOS_DEPLOYMENT_TARGET = 5.0;
				MACOSX_DEPLOYMENT_TARGET = 10.7;
				ONLY_ACTIVE_ARCH = YES;
				OTHER_CFLAGS = "";
				OTHER_LDFLAGS = "-ObjC";
				SDKROOT = iphoneos;
			};
			name = Debug;
		};
		53029A2F14D59A1B001BF4A4 /* Release */ = {
			isa = XCBuildConfiguration;
			buildSettings = {
				ALWAYS_SEARCH_USER_PATHS = NO;
				ARCHS = "$(ARCHS_STANDARD_32_BIT)";
				CLANG_ENABLE_OBJC_ARC = YES;
				COPY_PHASE_STRIP = YES;
				DEBUG_INFORMATION_FORMAT = "dwarf-with-dsym";
				GCC_C_LANGUAGE_STANDARD = gnu99;
				GCC_ENABLE_OBJC_EXCEPTIONS = YES;
				GCC_VERSION = com.apple.compilers.llvm.clang.1_0;
				GCC_WARN_64_TO_32_BIT_CONVERSION = YES;
				GCC_WARN_ABOUT_MISSING_PROTOTYPES = YES;
				GCC_WARN_ABOUT_RETURN_TYPE = YES;
				GCC_WARN_UNUSED_VARIABLE = YES;
				IPHONEOS_DEPLOYMENT_TARGET = 5.0;
				MACOSX_DEPLOYMENT_TARGET = 10.7;
				OTHER_CFLAGS = "";
				OTHER_LDFLAGS = "-ObjC";
				SDKROOT = iphoneos;
			};
			name = Release;
		};
		53029A3114D59A1B001BF4A4 /* Debug */ = {
			isa = XCBuildConfiguration;
			buildSettings = {
				GCC_PRECOMPILE_PREFIX_HEADER = YES;
				GCC_PREFIX_HEADER = "SiriMotion/SiriMotion-Prefix.pch";
				INFOPLIST_FILE = "SiriMotion/SiriMotion-Info.plist";
				INSTALL_PATH = "$(LOCAL_LIBRARY_DIR)/Bundles";
				LIBRARY_SEARCH_PATHS = (
					"$(inherited)",
					"\"$(SRCROOT)/../../Library/Developer/Xcode/DerivedData/SiriMotion-gntckbqraildxjahcxgywdqnfofu/Build/Products/Debug-iphoneos\"",
				);
				PRODUCT_NAME = "$(TARGET_NAME)";
				USER_HEADER_SEARCH_PATHS = "$(BUILT_PRODUCTS_DIR)/**";
				WRAPPER_EXTENSION = assistantExtension;
			};
			name = Debug;
		};
		53029A3214D59A1B001BF4A4 /* Release */ = {
			isa = XCBuildConfiguration;
			buildSettings = {
				GCC_PRECOMPILE_PREFIX_HEADER = YES;
				GCC_PREFIX_HEADER = "SiriMotion/SiriMotion-Prefix.pch";
				INFOPLIST_FILE = "SiriMotion/SiriMotion-Info.plist";
				INSTALL_PATH = "$(LOCAL_LIBRARY_DIR)/Bundles";
				LIBRARY_SEARCH_PATHS = (
					"$(inherited)",
					"\"$(SRCROOT)/../../Library/Developer/Xcode/DerivedData/SiriMotion-gntckbqraildxjahcxgywdqnfofu/Build/Products/Debug-iphoneos\"",
				);
				PRODUCT_NAME = "$(TARGET_NAME)";
				USER_HEADER_SEARCH_PATHS = "$(BUILT_PRODUCTS_DIR)/**";
				WRAPPER_EXTENSION = assistantExtension;
			};
			name = Release;
		};
/* End XCBuildConfiguration section */

/* Begin XCConfigurationList section */
		53029A1C14D59A1B001BF4A4 /* Build configuration list for PBXProject "SiriMotion" */ = {
			isa = XCConfigurationList;
			buildConfigurations = (
				53029A2E14D59A1B001BF4A4 /* Debug */,
				53029A2F14D59A1B001BF4A4 /* Release */,
			);
			defaultConfigurationIsVisible = 0;
			defaultConfigurationName = Release;
		};
		53029A3014D59A1B001BF4A4 /* Build configuration list for PBXNativeTarget "SiriMotion" */ = {
			isa = XCConfigurationList;
			buildConfigurations = (
				53029A3114D59A1B001BF4A4 /* Debug */,
				53029A3214D59A1B001BF4A4 /* Release */,
			);
			defaultConfigurationIsVisible = 0;
			defaultConfigurationName = Release;
		};
/* End XCConfigurationList section */
	};
	rootObject = 53029A1914D59A1B001BF4A4 /* Project object */;
}
